
Microsoft Visual Studio Solution File, Format Version 12.00
# Visual Studio Version 17
VisualStudioVersion = 17.6.33513.286
MinimumVisualStudioVersion = 10.0.40219.1
Project("{FAE04EC0-301F-11D3-BF4B-00C04F79EFBC}") = "AI_Library", "AI_Library\AI_Library.csproj", "{CEC06C48-468F-4540-8EA0-FDE4265EA13A}"
EndProject
Global
	GlobalSection(SolutionConfigurationPlatforms) = preSolution
		Debug|Any CPU = Debug|Any CPU
		Release|Any CPU = Release|Any CPU
	EndGlobalSection
	GlobalSection(ProjectConfigurationPlatforms) = postSolution
		{CEC06C48-468F-4540-8EA0-FDE4265EA13A}.Debug|Any CPU.ActiveCfg = Debug|Any CPU
		{CEC06C48-468F-4540-8EA0-FDE4265EA13A}.Debug|Any CPU.Build.0 = Debug|Any CPU
		{CEC06C48-468F-4540-8EA0-FDE4265EA13A}.Release|Any CPU.ActiveCfg = Release|Any CPU
		{CEC06C48-468F-4540-8EA0-FDE4265EA13A}.Release|Any CPU.Build.0 = Release|Any CPU
	EndGlobalSection
	GlobalSection(SolutionProperties) = preSolution
		HideSolutionNode = FALSE
	EndGlobalSection
	GlobalSection(ExtensibilityGlobals) = postSolution
		SolutionGuid = {2675089C-4E8E-4D7B-AC88-01319122867D}
	EndGlobalSection
EndGlobal
